{
    "name": "node-red-sensecraft-library",
    "version": "0.0.1",
    "lockfileVersion": 2,
    "requires": true,
    "packages": {
        "": {
            "name": "node-red-sensecraft-library",
            "version": "0.0.1",
            "engines": {
                "node": ">=18.0.0"
            }
        }
    }
}
